GEM
  remote: https://rubygems.org/
  specs:
    base64 (0.3.0)
    connection_pool (3.0.2)
    dotenv (3.2.0)
    json (3.0.1)
    logger (1.7.0)
    rack (3.2.7)
    rack-session (2.1.2)
      base64 (>= 0.1.0)
      rack (>= 3.0.0)
    rackup (2.3.1)
      rack (>= 3)
    redis-client (0.30.1)
      connection_pool
    sidekiq (8.1.7)
      connection_pool (>= 3.0.0)
      json (>= 2.16.0)
      logger (>= 1.7.0)
      rack (>= 3.2.0)
      redis-client (>= 0.29.0)
    webrick (1.9.2)

PLATFORMS
  ruby

DEPENDENCIES
  dotenv
  rack-session
  rackup
  sidekiq
  webrick

BUNDLED WITH
   2.6.2
